
Microsoft Visual Studio Solution File, Format Version 12.00
# Visual Studio Version 17
VisualStudioVersion = 17.4.33403.182
MinimumVisualStudioVersion = 10.0.40219.1
Project("{FAE04EC0-301F-11D3-BF4B-00C04F79EFBC}") = "WpfApp1", "WpfApp1\WpfApp1.csproj", "{DCC1BA42-E941-4412-8790-70A69A6DF811}"
EndProject
Global
	GlobalSection(SolutionConfigurationPlatforms) = preSolution
		Debug|Any CPU = Debug|Any CPU
		Release|Any CPU = Release|Any CPU
	EndGlobalSection
	GlobalSection(ProjectConfigurationPlatforms) = postSolution
		{DCC1BA42-E941-4412-8790-70A69A6DF811}.Debug|Any CPU.ActiveCfg = Debug|Any CPU
		{DCC1BA42-E941-4412-8790-70A69A6DF811}.Debug|Any CPU.Build.0 = Debug|Any CPU
		{DCC1BA42-E941-4412-8790-70A69A6DF811}.Release|Any CPU.ActiveCfg = Release|Any CPU
		{DCC1BA42-E941-4412-8790-70A69A6DF811}.Release|Any CPU.Build.0 = Release|Any CPU
	EndGlobalSection
	GlobalSection(SolutionProperties) = preSolution
		HideSolutionNode = FALSE
	EndGlobalSection
	GlobalSection(ExtensibilityGlobals) = postSolution
		SolutionGuid = {AD204729-F7C5-4EEF-9F56-E96A49587EB4}
	EndGlobalSection
EndGlobal
